
Microsoft Visual Studio Solution File, Format Version 12.00
# Visual Studio Version 17
VisualStudioVersion = 17.3.32811.315
MinimumVisualStudioVersion = 10.0.40219.1
Project("{2150E333-8FDC-42A3-9474-1A3956D46DE8}") = "Shared", "Shared", "{09AA8162-1F42-47BC-868B-5447AB4044F1}"
EndProject
Project("{2150E333-8FDC-42A3-9474-1A3956D46DE8}") = "Backend", "Backend", "{2879DAF7-969F-48A9-B6AB-44633AD726DA}"
EndProject
Project("{2150E333-8FDC-42A3-9474-1A3956D46DE8}") = "Frontend", "Frontend", "{4462D466-396F-4106-A8CA-8B9A9FA7C59F}"
EndProject
Project("{2150E333-8FDC-42A3-9474-1A3956D46DE8}") = "Web", "Web", "{D62957BA-0780-466F-A9EB-CCF3D92E780F}"
EndProject
Project("{2150E333-8FDC-42A3-9474-1A3956D46DE8}") = "Mobile", "Mobile", "{97E73444-C54D-4F60-9897-6F800229B0CE}"
EndProject
Project("{2150E333-8FDC-42A3-9474-1A3956D46DE8}") = "Desktop", "Desktop", "{B28D8DE8-F2F1-497C-AE32-3948996DFA3D}"
EndProject
Project("{9A19103F-16F7-4668-BE54-9A1E7A4F7556}") = "MyTestChat.Backend", "Backend\MyTestChat.Backend\MyTestChat.Backend.csproj", "{6F00CF7A-596E-4376-953E-303312BBFE31}"
EndProject
Project("{9A19103F-16F7-4668-BE54-9A1E7A4F7556}") = "MyTestChat.Protos", "Shared\MyTestChat.Protos\MyTestChat.Protos.csproj", "{21273E53-4D06-41D9-BD4E-4F73322F049A}"
EndProject
Project("{9A19103F-16F7-4668-BE54-9A1E7A4F7556}") = "MyTestChat.Desktop", "Frontend\Desktop\MyTestChat.Desktop\MyTestChat.Desktop.csproj", "{A460311F-1A9A-4EB7-9369-B98C99F9EB82}"
EndProject
Project("{FAE04EC0-301F-11D3-BF4B-00C04F79EFBC}") = "MyTestChat.Mobile.Android", "Frontend\Mobile\MyTestChat.Mobile\MyTestChat.Mobile.Android\MyTestChat.Mobile.Android.csproj", "{3BFC195E-8551-4307-A82E-F49FEF791493}"
EndProject
Project("{FAE04EC0-301F-11D3-BF4B-00C04F79EFBC}") = "MyTestChat.Mobile.iOS", "Frontend\Mobile\MyTestChat.Mobile\MyTestChat.Mobile.iOS\MyTestChat.Mobile.iOS.csproj", "{DD025B5D-1B8B-41B5-9198-D9032986617B}"
EndProject
Project("{FAE04EC0-301F-11D3-BF4B-00C04F79EFBC}") = "MyTestChat.Mobile", "Frontend\Mobile\MyTestChat.Mobile\MyTestChat.Mobile\MyTestChat.Mobile.csproj", "{CBAE41A1-C21C-4E94-9D3F-9D4A0656331F}"
EndProject
Project("{FAE04EC0-301F-11D3-BF4B-00C04F79EFBC}") = "MyTestChat.Web", "Frontend\Web\MyTestChat.Web\MyTestChat.Web.csproj", "{3749A686-9410-48CD-9456-A0CFB60D1373}"
EndProject
Global
	GlobalSection(SolutionConfigurationPlatforms) = preSolution
		Debug|Any CPU = Debug|Any CPU
		Debug|iPhone = Debug|iPhone
		Debug|iPhoneSimulator = Debug|iPhoneSimulator
		Release|Any CPU = Release|Any CPU
		Release|iPhone = Release|iPhone
		Release|iPhoneSimulator = Release|iPhoneSimulator
	EndGlobalSection
	GlobalSection(ProjectConfigurationPlatforms) = postSolution
		{6F00CF7A-596E-4376-953E-303312BBFE31}.Debug|Any CPU.ActiveCfg = Debug|Any CPU
		{6F00CF7A-596E-4376-953E-303312BBFE31}.Debug|Any CPU.Build.0 = Debug|Any CPU
		{6F00CF7A-596E-4376-953E-303312BBFE31}.Debug|iPhone.ActiveCfg = Debug|Any CPU
		{6F00CF7A-596E-4376-953E-303312BBFE31}.Debug|iPhone.Build.0 = Debug|Any CPU
		{6F00CF7A-596E-4376-953E-303312BBFE31}.Debug|iPhoneSimulator.ActiveCfg = Debug|Any CPU
		{6F00CF7A-596E-4376-953E-303312BBFE31}.Debug|iPhoneSimulator.Build.0 = Debug|Any CPU
		{6F00CF7A-596E-4376-953E-303312BBFE31}.Release|Any CPU.ActiveCfg = Release|Any CPU
		{6F00CF7A-596E-4376-953E-303312BBFE31}.Release|Any CPU.Build.0 = Release|Any CPU
		{6F00CF7A-596E-4376-953E-303312BBFE31}.Release|iPhone.ActiveCfg = Release|Any CPU
		{6F00CF7A-596E-4376-953E-303312BBFE31}.Release|iPhone.Build.0 = Release|Any CPU
		{6F00CF7A-596E-4376-953E-303312BBFE31}.Release|iPhoneSimulator.ActiveCfg = Release|Any CPU
		{6F00CF7A-596E-4376-953E-303312BBFE31}.Release|iPhoneSimulator.Build.0 = Release|Any CPU
		{21273E53-4D06-41D9-BD4E-4F73322F049A}.Debug|Any CPU.ActiveCfg = Debug|Any CPU
		{21273E53-4D06-41D9-BD4E-4F73322F049A}.Debug|Any CPU.Build.0 = Debug|Any CPU
		{21273E53-4D06-41D9-BD4E-4F73322F049A}.Debug|iPhone.ActiveCfg = Debug|Any CPU
		{21273E53-4D06-41D9-BD4E-4F73322F049A}.Debug|iPhone.Build.0 = Debug|Any CPU
		{21273E53-4D06-41D9-BD4E-4F73322F049A}.Debug|iPhoneSimulator.ActiveCfg = Debug|Any CPU
		{21273E53-4D06-41D9-BD4E-4F73322F049A}.Debug|iPhoneSimulator.Build.0 = Debug|Any CPU
		{21273E53-4D06-41D9-BD4E-4F73322F049A}.Release|Any CPU.ActiveCfg = Release|Any CPU
		{21273E53-4D06-41D9-BD4E-4F73322F049A}.Release|Any CPU.Build.0 = Release|Any CPU
		{21273E53-4D06-41D9-BD4E-4F73322F049A}.Release|iPhone.ActiveCfg = Release|Any CPU
		{21273E53-4D06-41D9-BD4E-4F73322F049A}.Release|iPhone.Build.0 = Release|Any CPU
		{21273E53-4D06-41D9-BD4E-4F73322F049A}.Release|iPhoneSimulator.ActiveCfg = Release|Any CPU
		{21273E53-4D06-41D9-BD4E-4F73322F049A}.Release|iPhoneSimulator.Build.0 = Release|Any CPU
		{A460311F-1A9A-4EB7-9369-B98C99F9EB82}.Debug|Any CPU.ActiveCfg = Debug|Any CPU
		{A460311F-1A9A-4EB7-9369-B98C99F9EB82}.Debug|Any CPU.Build.0 = Debug|Any CPU
		{A460311F-1A9A-4EB7-9369-B98C99F9EB82}.Debug|iPhone.ActiveCfg = Debug|Any CPU
		{A460311F-1A9A-4EB7-9369-B98C99F9EB82}.Debug|iPhone.Build.0 = Debug|Any CPU
		{A460311F-1A9A-4EB7-9369-B98C99F9EB82}.Debug|iPhoneSimulator.ActiveCfg = Debug|Any CPU
		{A460311F-1A9A-4EB7-9369-B98C99F9EB82}.Debug|iPhoneSimulator.Build.0 = Debug|Any CPU
		{A460311F-1A9A-4EB7-9369-B98C99F9EB82}.Release|Any CPU.ActiveCfg = Release|Any CPU
		{A460311F-1A9A-4EB7-9369-B98C99F9EB82}.Release|Any CPU.Build.0 = Release|Any CPU
		{A460311F-1A9A-4EB7-9369-B98C99F9EB82}.Release|iPhone.ActiveCfg = Release|Any CPU
		{A460311F-1A9A-4EB7-9369-B98C99F9EB82}.Release|iPhone.Build.0 = Release|Any CPU
		{A460311F-1A9A-4EB7-9369-B98C99F9EB82}.Release|iPhoneSimulator.ActiveCfg = Release|Any CPU
		{A460311F-1A9A-4EB7-9369-B98C99F9EB82}.Release|iPhoneSimulator.Build.0 = Release|Any CPU
		{3BFC195E-8551-4307-A82E-F49FEF791493}.Debug|Any CPU.ActiveCfg = Debug|Any CPU
		{3BFC195E-8551-4307-A82E-F49FEF791493}.Debug|Any CPU.Build.0 = Debug|Any CPU
		{3BFC195E-8551-4307-A82E-F49FEF791493}.Debug|Any CPU.Deploy.0 = Debug|Any CPU
		{3BFC195E-8551-4307-A82E-F49FEF791493}.Debug|iPhone.ActiveCfg = Debug|Any CPU
		{3BFC195E-8551-4307-A82E-F49FEF791493}.Debug|iPhone.Build.0 = Debug|Any CPU
		{3BFC195E-8551-4307-A82E-F49FEF791493}.Debug|iPhone.Deploy.0 = Debug|Any CPU
		{3BFC195E-8551-4307-A82E-F49FEF791493}.Debug|iPhoneSimulator.ActiveCfg = Debug|Any CPU
		{3BFC195E-8551-4307-A82E-F49FEF791493}.Debug|iPhoneSimulator.Build.0 = Debug|Any CPU
		{3BFC195E-8551-4307-A82E-F49FEF791493}.Debug|iPhoneSimulator.Deploy.0 = Debug|Any CPU
		{3BFC195E-8551-4307-A82E-F49FEF791493}.Release|Any CPU.ActiveCfg = Release|Any CPU
		{3BFC195E-8551-4307-A82E-F49FEF791493}.Release|Any CPU.Build.0 = Release|Any CPU
		{3BFC195E-8551-4307-A82E-F49FEF791493}.Release|Any CPU.Deploy.0 = Release|Any CPU
		{3BFC195E-8551-4307-A82E-F49FEF791493}.Release|iPhone.ActiveCfg = Release|Any CPU
		{3BFC195E-8551-4307-A82E-F49FEF791493}.Release|iPhone.Build.0 = Release|Any CPU
		{3BFC195E-8551-4307-A82E-F49FEF791493}.Release|iPhone.Deploy.0 = Release|Any CPU
		{3BFC195E-8551-4307-A82E-F49FEF791493}.Release|iPhoneSimulator.ActiveCfg = Release|Any CPU
		{3BFC195E-8551-4307-A82E-F49FEF791493}.Release|iPhoneSimulator.Build.0 = Release|Any CPU
		{3BFC195E-8551-4307-A82E-F49FEF791493}.Release|iPhoneSimulator.Deploy.0 = Release|Any CPU
		{DD025B5D-1B8B-41B5-9198-D9032986617B}.Debug|Any CPU.ActiveCfg = Debug|iPhoneSimulator
		{DD025B5D-1B8B-41B5-9198-D9032986617B}.Debug|Any CPU.Build.0 = Debug|iPhoneSimulator
		{DD025B5D-1B8B-41B5-9198-D9032986617B}.Debug|iPhone.ActiveCfg = Debug|iPhone
		{DD025B5D-1B8B-41B5-9198-D9032986617B}.Debug|iPhone.Build.0 = Debug|iPhone
		{DD025B5D-1B8B-41B5-9198-D9032986617B}.Debug|iPhoneSimulator.ActiveCfg = Debug|iPhoneSimulator
		{DD025B5D-1B8B-41B5-9198-D9032986617B}.Debug|iPhoneSimulator.Build.0 = Debug|iPhoneSimulator
		{DD025B5D-1B8B-41B5-9198-D9032986617B}.Release|Any CPU.ActiveCfg = Release|iPhoneSimulator
		{DD025B5D-1B8B-41B5-9198-D9032986617B}.Release|Any CPU.Build.0 = Release|iPhoneSimulator
		{DD025B5D-1B8B-41B5-9198-D9032986617B}.Release|iPhone.ActiveCfg = Release|iPhone
		{DD025B5D-1B8B-41B5-9198-D9032986617B}.Release|iPhone.Build.0 = Release|iPhone
		{DD025B5D-1B8B-41B5-9198-D9032986617B}.Release|iPhoneSimulator.ActiveCfg = Release|iPhoneSimulator
		{DD025B5D-1B8B-41B5-9198-D9032986617B}.Release|iPhoneSimulator.Build.0 = Release|iPhoneSimulator
		{CBAE41A1-C21C-4E94-9D3F-9D4A0656331F}.Debug|Any CPU.ActiveCfg = Debug|Any CPU
		{CBAE41A1-C21C-4E94-9D3F-9D4A0656331F}.Debug|Any CPU.Build.0 = Debug|Any CPU
		{CBAE41A1-C21C-4E94-9D3F-9D4A0656331F}.Debug|iPhone.ActiveCfg = Debug|Any CPU
		{CBAE41A1-C21C-4E94-9D3F-9D4A0656331F}.Debug|iPhone.Build.0 = Debug|Any CPU
		{CBAE41A1-C21C-4E94-9D3F-9D4A0656331F}.Debug|iPhoneSimulator.ActiveCfg = Debug|Any CPU
		{CBAE41A1-C21C-4E94-9D3F-9D4A0656331F}.Debug|iPhoneSimulator.Build.0 = Debug|Any CPU
		{CBAE41A1-C21C-4E94-9D3F-9D4A0656331F}.Release|Any CPU.ActiveCfg = Release|Any CPU
		{CBAE41A1-C21C-4E94-9D3F-9D4A0656331F}.Release|Any CPU.Build.0 = Release|Any CPU
		{CBAE41A1-C21C-4E94-9D3F-9D4A0656331F}.Release|iPhone.ActiveCfg = Release|Any CPU
		{CBAE41A1-C21C-4E94-9D3F-9D4A0656331F}.Release|iPhone.Build.0 = Release|Any CPU
		{CBAE41A1-C21C-4E94-9D3F-9D4A0656331F}.Release|iPhoneSimulator.ActiveCfg = Release|Any CPU
		{CBAE41A1-C21C-4E94-9D3F-9D4A0656331F}.Release|iPhoneSimulator.Build.0 = Release|Any CPU
		{3749A686-9410-48CD-9456-A0CFB60D1373}.Debug|Any CPU.ActiveCfg = Debug|Any CPU
		{3749A686-9410-48CD-9456-A0CFB60D1373}.Debug|Any CPU.Build.0 = Debug|Any CPU
		{3749A686-9410-48CD-9456-A0CFB60D1373}.Debug|iPhone.ActiveCfg = Debug|Any CPU
		{3749A686-9410-48CD-9456-A0CFB60D1373}.Debug|iPhone.Build.0 = Debug|Any CPU
		{3749A686-9410-48CD-9456-A0CFB60D1373}.Debug|iPhoneSimulator.ActiveCfg = Debug|Any CPU
		{3749A686-9410-48CD-9456-A0CFB60D1373}.Debug|iPhoneSimulator.Build.0 = Debug|Any CPU
		{3749A686-9410-48CD-9456-A0CFB60D1373}.Release|Any CPU.ActiveCfg = Release|Any CPU
		{3749A686-9410-48CD-9456-A0CFB60D1373}.Release|Any CPU.Build.0 = Release|Any CPU
		{3749A686-9410-48CD-9456-A0CFB60D1373}.Release|iPhone.ActiveCfg = Release|Any CPU
		{3749A686-9410-48CD-9456-A0CFB60D1373}.Release|iPhone.Build.0 = Release|Any CPU
		{3749A686-9410-48CD-9456-A0CFB60D1373}.Release|iPhoneSimulator.ActiveCfg = Release|Any CPU
		{3749A686-9410-48CD-9456-A0CFB60D1373}.Release|iPhoneSimulator.Build.0 = Release|Any CPU
	EndGlobalSection
	GlobalSection(SolutionProperties) = preSolution
		HideSolutionNode = FALSE
	EndGlobalSection
	GlobalSection(NestedProjects) = preSolution
		{D62957BA-0780-466F-A9EB-CCF3D92E780F} = {4462D466-396F-4106-A8CA-8B9A9FA7C59F}
		{97E73444-C54D-4F60-9897-6F800229B0CE} = {4462D466-396F-4106-A8CA-8B9A9FA7C59F}
		{B28D8DE8-F2F1-497C-AE32-3948996DFA3D} = {4462D466-396F-4106-A8CA-8B9A9FA7C59F}
		{6F00CF7A-596E-4376-953E-303312BBFE31} = {2879DAF7-969F-48A9-B6AB-44633AD726DA}
		{21273E53-4D06-41D9-BD4E-4F73322F049A} = {09AA8162-1F42-47BC-868B-5447AB4044F1}
		{A460311F-1A9A-4EB7-9369-B98C99F9EB82} = {B28D8DE8-F2F1-497C-AE32-3948996DFA3D}
		{3BFC195E-8551-4307-A82E-F49FEF791493} = {97E73444-C54D-4F60-9897-6F800229B0CE}
		{DD025B5D-1B8B-41B5-9198-D9032986617B} = {97E73444-C54D-4F60-9897-6F800229B0CE}
		{CBAE41A1-C21C-4E94-9D3F-9D4A0656331F} = {97E73444-C54D-4F60-9897-6F800229B0CE}
		{3749A686-9410-48CD-9456-A0CFB60D1373} = {D62957BA-0780-466F-A9EB-CCF3D92E780F}
	EndGlobalSection
	GlobalSection(ExtensibilityGlobals) = postSolution
		SolutionGuid = {933C8734-624C-48B4-BC90-55A7EDCBA04B}
	EndGlobalSection
EndGlobal
