
Microsoft Visual Studio Solution File, Format Version 12.00
# Visual Studio Version 17
VisualStudioVersion = 17.3.32811.315
MinimumVisualStudioVersion = 10.0.40219.1
Project("{2150E333-8FDC-42A3-9474-1A3956D46DE8}") = "Shared", "Shared", "{09AA8162-1F42-47BC-868B-5447AB4044F1}"
EndProject
Project("{2150E333-8FDC-42A3-9474-1A3956D46DE8}") = "Backend", "Backend", "{2879DAF7-969F-48A9-B6AB-44633AD726DA}"
EndProject
Project("{2150E333-8FDC-42A3-9474-1A3956D46DE8}") = "Frontend", "Frontend", "{4462D466-396F-4106-A8CA-8B9A9FA7C59F}"
EndProject
Project("{2150E333-8FDC-42A3-9474-1A3956D46DE8}") = "Web", "Web", "{D62957BA-0780-466F-A9EB-CCF3D92E780F}"
EndProject
Project("{2150E333-8FDC-42A3-9474-1A3956D46DE8}") = "Mobile", "Mobile", "{97E73444-C54D-4F60-9897-6F800229B0CE}"
EndProject
Project("{2150E333-8FDC-42A3-9474-1A3956D46DE8}") = "Desktop", "Desktop", "{B28D8DE8-F2F1-497C-AE32-3948996DFA3D}"
EndProject
Project("{9A19103F-16F7-4668-BE54-9A1E7A4F7556}") = "MyTestChat.Backend", "Backend\MyTestChat.Backend\MyTestChat.Backend.csproj", "{6F00CF7A-596E-4376-953E-303312BBFE31}"
EndProject
Project("{9A19103F-16F7-4668-BE54-9A1E7A4F7556}") = "MyTestChat.Protos", "Shared\MyTestChat.Protos\MyTestChat.Protos.csproj", "{21273E53-4D06-41D9-BD4E-4F73322F049A}"
EndProject
Project("{FAE04EC0-301F-11D3-BF4B-00C04F79EFBC}") = "MyTestChat.Desktop", "Frontend\Desktop\MyTestChat.Desktop\MyTestChat.Desktop.csproj", "{A460311F-1A9A-4EB7-9369-B98C99F9EB82}"
EndProject
Project("{FAE04EC0-301F-11D3-BF4B-00C04F79EFBC}") = "MyTestChat.Mobile.Android", "MyTestChat.Mobile\MyTestChat.Mobile.Android\MyTestChat.Mobile.Android.csproj", "{2CB8650C-806A-4BDF-8E57-03036EACFC7E}"
EndProject
Project("{FAE04EC0-301F-11D3-BF4B-00C04F79EFBC}") = "MyTestChat.Mobile.iOS", "MyTestChat.Mobile\MyTestChat.Mobile.iOS\MyTestChat.Mobile.iOS.csproj", "{E626CF0A-F9CB-4225-9A2A-CD9A682B2396}"
EndProject
Project("{FAE04EC0-301F-11D3-BF4B-00C04F79EFBC}") = "MyTestChat.Mobile", "MyTestChat.Mobile\MyTestChat.Mobile\MyTestChat.Mobile.csproj", "{2857302B-3676-470F-9821-72173C8F9E35}"
EndProject
Global
	GlobalSection(SolutionConfigurationPlatforms) = preSolution
		Debug|Any CPU = Debug|Any CPU
		Debug|iPhone = Debug|iPhone
		Debug|iPhoneSimulator = Debug|iPhoneSimulator
		Release|Any CPU = Release|Any CPU
		Release|iPhone = Release|iPhone
		Release|iPhoneSimulator = Release|iPhoneSimulator
	EndGlobalSection
	GlobalSection(ProjectConfigurationPlatforms) = postSolution
		{6F00CF7A-596E-4376-953E-303312BBFE31}.Debug|Any CPU.ActiveCfg = Debug|Any CPU
		{6F00CF7A-596E-4376-953E-303312BBFE31}.Debug|Any CPU.Build.0 = Debug|Any CPU
		{6F00CF7A-596E-4376-953E-303312BBFE31}.Debug|iPhone.ActiveCfg = Debug|Any CPU
		{6F00CF7A-596E-4376-953E-303312BBFE31}.Debug|iPhone.Build.0 = Debug|Any CPU
		{6F00CF7A-596E-4376-953E-303312BBFE31}.Debug|iPhoneSimulator.ActiveCfg = Debug|Any CPU
		{6F00CF7A-596E-4376-953E-303312BBFE31}.Debug|iPhoneSimulator.Build.0 = Debug|Any CPU
		{6F00CF7A-596E-4376-953E-303312BBFE31}.Release|Any CPU.ActiveCfg = Release|Any CPU
		{6F00CF7A-596E-4376-953E-303312BBFE31}.Release|Any CPU.Build.0 = Release|Any CPU
		{6F00CF7A-596E-4376-953E-303312BBFE31}.Release|iPhone.ActiveCfg = Release|Any CPU
		{6F00CF7A-596E-4376-953E-303312BBFE31}.Release|iPhone.Build.0 = Release|Any CPU
		{6F00CF7A-596E-4376-953E-303312BBFE31}.Release|iPhoneSimulator.ActiveCfg = Release|Any CPU
		{6F00CF7A-596E-4376-953E-303312BBFE31}.Release|iPhoneSimulator.Build.0 = Release|Any CPU
		{21273E53-4D06-41D9-BD4E-4F73322F049A}.Debug|Any CPU.ActiveCfg = Debug|Any CPU
		{21273E53-4D06-41D9-BD4E-4F73322F049A}.Debug|Any CPU.Build.0 = Debug|Any CPU
		{21273E53-4D06-41D9-BD4E-4F73322F049A}.Debug|iPhone.ActiveCfg = Debug|Any CPU
		{21273E53-4D06-41D9-BD4E-4F73322F049A}.Debug|iPhone.Build.0 = Debug|Any CPU
		{21273E53-4D06-41D9-BD4E-4F73322F049A}.Debug|iPhoneSimulator.ActiveCfg = Debug|Any CPU
		{21273E53-4D06-41D9-BD4E-4F73322F049A}.Debug|iPhoneSimulator.Build.0 = Debug|Any CPU
		{21273E53-4D06-41D9-BD4E-4F73322F049A}.Release|Any CPU.ActiveCfg = Release|Any CPU
		{21273E53-4D06-41D9-BD4E-4F73322F049A}.Release|Any CPU.Build.0 = Release|Any CPU
		{21273E53-4D06-41D9-BD4E-4F73322F049A}.Release|iPhone.ActiveCfg = Release|Any CPU
		{21273E53-4D06-41D9-BD4E-4F73322F049A}.Release|iPhone.Build.0 = Release|Any CPU
		{21273E53-4D06-41D9-BD4E-4F73322F049A}.Release|iPhoneSimulator.ActiveCfg = Release|Any CPU
		{21273E53-4D06-41D9-BD4E-4F73322F049A}.Release|iPhoneSimulator.Build.0 = Release|Any CPU
		{A460311F-1A9A-4EB7-9369-B98C99F9EB82}.Debug|Any CPU.ActiveCfg = Debug|Any CPU
		{A460311F-1A9A-4EB7-9369-B98C99F9EB82}.Debug|Any CPU.Build.0 = Debug|Any CPU
		{A460311F-1A9A-4EB7-9369-B98C99F9EB82}.Debug|iPhone.ActiveCfg = Debug|Any CPU
		{A460311F-1A9A-4EB7-9369-B98C99F9EB82}.Debug|iPhone.Build.0 = Debug|Any CPU
		{A460311F-1A9A-4EB7-9369-B98C99F9EB82}.Debug|iPhoneSimulator.ActiveCfg = Debug|Any CPU
		{A460311F-1A9A-4EB7-9369-B98C99F9EB82}.Debug|iPhoneSimulator.Build.0 = Debug|Any CPU
		{A460311F-1A9A-4EB7-9369-B98C99F9EB82}.Release|Any CPU.ActiveCfg = Release|Any CPU
		{A460311F-1A9A-4EB7-9369-B98C99F9EB82}.Release|Any CPU.Build.0 = Release|Any CPU
		{A460311F-1A9A-4EB7-9369-B98C99F9EB82}.Release|iPhone.ActiveCfg = Release|Any CPU
		{A460311F-1A9A-4EB7-9369-B98C99F9EB82}.Release|iPhone.Build.0 = Release|Any CPU
		{A460311F-1A9A-4EB7-9369-B98C99F9EB82}.Release|iPhoneSimulator.ActiveCfg = Release|Any CPU
		{A460311F-1A9A-4EB7-9369-B98C99F9EB82}.Release|iPhoneSimulator.Build.0 = Release|Any CPU
		{2CB8650C-806A-4BDF-8E57-03036EACFC7E}.Debug|Any CPU.ActiveCfg = Debug|Any CPU
		{2CB8650C-806A-4BDF-8E57-03036EACFC7E}.Debug|Any CPU.Build.0 = Debug|Any CPU
		{2CB8650C-806A-4BDF-8E57-03036EACFC7E}.Debug|Any CPU.Deploy.0 = Debug|Any CPU
		{2CB8650C-806A-4BDF-8E57-03036EACFC7E}.Debug|iPhone.ActiveCfg = Debug|Any CPU
		{2CB8650C-806A-4BDF-8E57-03036EACFC7E}.Debug|iPhone.Build.0 = Debug|Any CPU
		{2CB8650C-806A-4BDF-8E57-03036EACFC7E}.Debug|iPhone.Deploy.0 = Debug|Any CPU
		{2CB8650C-806A-4BDF-8E57-03036EACFC7E}.Debug|iPhoneSimulator.ActiveCfg = Debug|Any CPU
		{2CB8650C-806A-4BDF-8E57-03036EACFC7E}.Debug|iPhoneSimulator.Build.0 = Debug|Any CPU
		{2CB8650C-806A-4BDF-8E57-03036EACFC7E}.Debug|iPhoneSimulator.Deploy.0 = Debug|Any CPU
		{2CB8650C-806A-4BDF-8E57-03036EACFC7E}.Release|Any CPU.ActiveCfg = Release|Any CPU
		{2CB8650C-806A-4BDF-8E57-03036EACFC7E}.Release|Any CPU.Build.0 = Release|Any CPU
		{2CB8650C-806A-4BDF-8E57-03036EACFC7E}.Release|Any CPU.Deploy.0 = Release|Any CPU
		{2CB8650C-806A-4BDF-8E57-03036EACFC7E}.Release|iPhone.ActiveCfg = Release|Any CPU
		{2CB8650C-806A-4BDF-8E57-03036EACFC7E}.Release|iPhone.Build.0 = Release|Any CPU
		{2CB8650C-806A-4BDF-8E57-03036EACFC7E}.Release|iPhone.Deploy.0 = Release|Any CPU
		{2CB8650C-806A-4BDF-8E57-03036EACFC7E}.Release|iPhoneSimulator.ActiveCfg = Release|Any CPU
		{2CB8650C-806A-4BDF-8E57-03036EACFC7E}.Release|iPhoneSimulator.Build.0 = Release|Any CPU
		{2CB8650C-806A-4BDF-8E57-03036EACFC7E}.Release|iPhoneSimulator.Deploy.0 = Release|Any CPU
		{E626CF0A-F9CB-4225-9A2A-CD9A682B2396}.Debug|Any CPU.ActiveCfg = Debug|iPhoneSimulator
		{E626CF0A-F9CB-4225-9A2A-CD9A682B2396}.Debug|Any CPU.Build.0 = Debug|iPhoneSimulator
		{E626CF0A-F9CB-4225-9A2A-CD9A682B2396}.Debug|iPhone.ActiveCfg = Debug|iPhone
		{E626CF0A-F9CB-4225-9A2A-CD9A682B2396}.Debug|iPhone.Build.0 = Debug|iPhone
		{E626CF0A-F9CB-4225-9A2A-CD9A682B2396}.Debug|iPhoneSimulator.ActiveCfg = Debug|iPhoneSimulator
		{E626CF0A-F9CB-4225-9A2A-CD9A682B2396}.Debug|iPhoneSimulator.Build.0 = Debug|iPhoneSimulator
		{E626CF0A-F9CB-4225-9A2A-CD9A682B2396}.Release|Any CPU.ActiveCfg = Release|iPhoneSimulator
		{E626CF0A-F9CB-4225-9A2A-CD9A682B2396}.Release|Any CPU.Build.0 = Release|iPhoneSimulator
		{E626CF0A-F9CB-4225-9A2A-CD9A682B2396}.Release|iPhone.ActiveCfg = Release|iPhone
		{E626CF0A-F9CB-4225-9A2A-CD9A682B2396}.Release|iPhone.Build.0 = Release|iPhone
		{E626CF0A-F9CB-4225-9A2A-CD9A682B2396}.Release|iPhoneSimulator.ActiveCfg = Release|iPhoneSimulator
		{E626CF0A-F9CB-4225-9A2A-CD9A682B2396}.Release|iPhoneSimulator.Build.0 = Release|iPhoneSimulator
		{2857302B-3676-470F-9821-72173C8F9E35}.Debug|Any CPU.ActiveCfg = Debug|Any CPU
		{2857302B-3676-470F-9821-72173C8F9E35}.Debug|Any CPU.Build.0 = Debug|Any CPU
		{2857302B-3676-470F-9821-72173C8F9E35}.Debug|iPhone.ActiveCfg = Debug|Any CPU
		{2857302B-3676-470F-9821-72173C8F9E35}.Debug|iPhone.Build.0 = Debug|Any CPU
		{2857302B-3676-470F-9821-72173C8F9E35}.Debug|iPhoneSimulator.ActiveCfg = Debug|Any CPU
		{2857302B-3676-470F-9821-72173C8F9E35}.Debug|iPhoneSimulator.Build.0 = Debug|Any CPU
		{2857302B-3676-470F-9821-72173C8F9E35}.Release|Any CPU.ActiveCfg = Release|Any CPU
		{2857302B-3676-470F-9821-72173C8F9E35}.Release|Any CPU.Build.0 = Release|Any CPU
		{2857302B-3676-470F-9821-72173C8F9E35}.Release|iPhone.ActiveCfg = Release|Any CPU
		{2857302B-3676-470F-9821-72173C8F9E35}.Release|iPhone.Build.0 = Release|Any CPU
		{2857302B-3676-470F-9821-72173C8F9E35}.Release|iPhoneSimulator.ActiveCfg = Release|Any CPU
		{2857302B-3676-470F-9821-72173C8F9E35}.Release|iPhoneSimulator.Build.0 = Release|Any CPU
	EndGlobalSection
	GlobalSection(SolutionProperties) = preSolution
		HideSolutionNode = FALSE
	EndGlobalSection
	GlobalSection(NestedProjects) = preSolution
		{D62957BA-0780-466F-A9EB-CCF3D92E780F} = {4462D466-396F-4106-A8CA-8B9A9FA7C59F}
		{97E73444-C54D-4F60-9897-6F800229B0CE} = {4462D466-396F-4106-A8CA-8B9A9FA7C59F}
		{B28D8DE8-F2F1-497C-AE32-3948996DFA3D} = {4462D466-396F-4106-A8CA-8B9A9FA7C59F}
		{6F00CF7A-596E-4376-953E-303312BBFE31} = {2879DAF7-969F-48A9-B6AB-44633AD726DA}
		{21273E53-4D06-41D9-BD4E-4F73322F049A} = {09AA8162-1F42-47BC-868B-5447AB4044F1}
		{A460311F-1A9A-4EB7-9369-B98C99F9EB82} = {B28D8DE8-F2F1-497C-AE32-3948996DFA3D}
		{2CB8650C-806A-4BDF-8E57-03036EACFC7E} = {97E73444-C54D-4F60-9897-6F800229B0CE}
		{E626CF0A-F9CB-4225-9A2A-CD9A682B2396} = {97E73444-C54D-4F60-9897-6F800229B0CE}
		{2857302B-3676-470F-9821-72173C8F9E35} = {97E73444-C54D-4F60-9897-6F800229B0CE}
	EndGlobalSection
	GlobalSection(ExtensibilityGlobals) = postSolution
		SolutionGuid = {933C8734-624C-48B4-BC90-55A7EDCBA04B}
	EndGlobalSection
EndGlobal
